{"1.2.0",
[{<<"amqp10_client">>,{pkg,<<"amqp10_client">>,<<"3.10.2-1">>},0},
 {<<"amqp10_common">>,{pkg,<<"amqp10_common">>,<<"3.10.2-1">>},1}]}.
[
{pkg_hash,[
 {<<"amqp10_client">>, <<"F86B449C6008383C536B31AA94A8DA1EB99F66352E07A582AB830A894E1D6277">>},
 {<<"amqp10_common">>, <<"A2BBEF1AE55D6D81E77D565A5D5270B26EAE217DD2BC7686FF9983164FA0B30A">>}]},
{pkg_hash_ext,[
 {<<"amqp10_client">>, <<"A44445C7F48C8F45F86FFE5BB73D9CB1AFB6F51AAE2C0D0947552E968166FBEF">>},
 {<<"amqp10_common">>, <<"ADF633780DB9AB22DF79EAC0F46C5DDAB2D03F10F53B92C700972CD466EEE588">>}]}
].
