{"1.2.0",
[{<<"amqp10_client">>,{pkg,<<"amqp10_client">>,<<"3.11.0">>},0},
 {<<"amqp10_common">>,{pkg,<<"amqp10_common">>,<<"3.11.0">>},1}]}.
[
{pkg_hash,[
 {<<"amqp10_client">>, <<"57411264D12366FFB99C52D8D0C1BEDB3A1BDE7D6A3D41FAD72B208BC39C39A6">>},
 {<<"amqp10_common">>, <<"073572BD31CACBF8447195B81B03C52C92FD6256EA665A5E6D3475EAAECF1290">>}]},
{pkg_hash_ext,[
 {<<"amqp10_client">>, <<"5BED146243F58DE1973FBC61B5F3CA8B1B70C2544F1FC0B0004316BAC8603349">>},
 {<<"amqp10_common">>, <<"0F56A44DBD0509301E1174BD0A3B20E5C2FE514E639D8F51CCEBC3F1B13FEB59">>}]}
].
