{"1.2.0",
[{<<"amqp10_client">>,{pkg,<<"amqp10_client">>,<<"3.10.2">>},0},
 {<<"amqp10_common">>,{pkg,<<"amqp10_common">>,<<"3.10.2">>},1}]}.
[
{pkg_hash,[
 {<<"amqp10_client">>, <<"CA2BED9EACD57C3F11D36B38D30A9EF864303155FFC7CA7E86A3C58E514737A1">>},
 {<<"amqp10_common">>, <<"E0603F92211CA4632AD420E0E09E61F13E9D0C8440ECD77DA107B316783318F5">>}]},
{pkg_hash_ext,[
 {<<"amqp10_client">>, <<"467E358D11B1B91FBDE46B25B9DD1B5E03A7EA7AD4D3258138038D06DF940E84">>},
 {<<"amqp10_common">>, <<"9BCCF7A90CCF2B7930D53A7253DDC5483B2916E047CAF942CD00DA376D774696">>}]}
].
