{"1.2.0",
[{<<"amqp_client">>,{pkg,<<"amqp_client">>,<<"3.10.2">>},0},
 {<<"credentials_obfuscation">>,
  {pkg,<<"credentials_obfuscation">>,<<"3.1.0">>},
  2},
 {<<"jsx">>,{pkg,<<"jsx">>,<<"3.1.0">>},2},
 {<<"rabbit_common">>,{pkg,<<"rabbit_common">>,<<"3.10.2">>},1},
 {<<"recon">>,{pkg,<<"recon">>,<<"2.5.2">>},2}]}.
[
{pkg_hash,[
 {<<"amqp_client">>, <<"8F38FB82AAF71597299EE12EAA161B449E0E6BE4E4D749F8F40C8B8C8F290112">>},
 {<<"credentials_obfuscation">>, <<"2C405EA0C5DB7B3344AA5A99F86C33E7B6ECEA97D2CB613371E1CF0D192EF2C6">>},
 {<<"jsx">>, <<"D12516BAA0BB23A59BB35DCCAF02A1BD08243FCBB9EFE24F2D9D056CCFF71268">>},
 {<<"rabbit_common">>, <<"D979B6E931FC1FD23E068BB180220DD70BB3E0B69267D4E078CBB6CB9270B737">>},
 {<<"recon">>, <<"CBA53FA8DB83AD968C9A652E09C3ED7DDCC4DA434F27C3EAA9CA47FFB2B1FF03">>}]},
{pkg_hash_ext,[
 {<<"amqp_client">>, <<"8A36FBA252905623CAE3AF4C2A864341CA927424C5738437CC3DBAC984F7592C">>},
 {<<"credentials_obfuscation">>, <<"04884E62B1C6CDFBA999D4D6B3E99BC0A59D5E439517BC5C01767255AFB7B778">>},
 {<<"jsx">>, <<"0C5CC8FDC11B53CC25CF65AC6705AD39E54ECC56D1C22E4ADB8F5A53FB9427F3">>},
 {<<"rabbit_common">>, <<"2B5CBE4B87230CCF47CEE6EE98F4F51BA1F7E8C76A3DE8F012858C9E0E5AA899">>},
 {<<"recon">>, <<"2C7523C8DEE91DFF41F6B3D63CBA2BD49EB6D2FE5BF1EEC0DF7F87EB5E230E1C">>}]}
].
