{"1.2.0",
[{<<"amqp_client">>,{pkg,<<"amqp_client">>,<<"3.11.0">>},0},
 {<<"credentials_obfuscation">>,
  {pkg,<<"credentials_obfuscation">>,<<"3.1.0">>},
  2},
 {<<"rabbit_common">>,{pkg,<<"rabbit_common">>,<<"3.11.0">>},1},
 {<<"recon">>,{pkg,<<"recon">>,<<"2.5.2">>},2},
 {<<"thoas">>,{pkg,<<"thoas">>,<<"0.4.0">>},2}]}.
[
{pkg_hash,[
 {<<"amqp_client">>, <<"F3CC809085E32179F0F36501F68311FB4E9902C8A8E9E7A473CF2E35EA12B7C7">>},
 {<<"credentials_obfuscation">>, <<"2C405EA0C5DB7B3344AA5A99F86C33E7B6ECEA97D2CB613371E1CF0D192EF2C6">>},
 {<<"rabbit_common">>, <<"77D5F13B3BD4EFA841B7E7E0EA2844986A960DB4ACA68A9B08C2D302DEA90971">>},
 {<<"recon">>, <<"CBA53FA8DB83AD968C9A652E09C3ED7DDCC4DA434F27C3EAA9CA47FFB2B1FF03">>},
 {<<"thoas">>, <<"86A72CCDC5EC388A13F9F843BCD6C1076640233B95440E47FFB8E3C0DBDB5A17">>}]},
{pkg_hash_ext,[
 {<<"amqp_client">>, <<"AD6BDC53C5E96AC1B1D1E3DE8DC8822F09F82CD99EAC635B60FA48190188519C">>},
 {<<"credentials_obfuscation">>, <<"04884E62B1C6CDFBA999D4D6B3E99BC0A59D5E439517BC5C01767255AFB7B778">>},
 {<<"rabbit_common">>, <<"E15E044727177C55D66A517AE8E63584AD8E665093C489BCE9668C8243936E1E">>},
 {<<"recon">>, <<"2C7523C8DEE91DFF41F6B3D63CBA2BD49EB6D2FE5BF1EEC0DF7F87EB5E230E1C">>},
 {<<"thoas">>, <<"442296847ACA11DB8D25180693D7CA3073D6D7179F66952F07B16415306513B6">>}]}
].
